
Microsoft Visual Studio Solution File, Format Version 12.00
# Visual Studio Version 17
VisualStudioVersion = 17.14.36221.1
MinimumVisualStudioVersion = 10.0.40219.1
Project("{FAE04EC0-301F-11D3-BF4B-00C04F79EFBC}") = "DiscordAnalog.Server", "DiscordAnalog.Server\DiscordAnalog.Server.csproj", "{BA9EB097-C63A-410F-B157-85DA0B50D3D2}"
EndProject
Project("{FAE04EC0-301F-11D3-BF4B-00C04F79EFBC}") = "DiscordAnalog.Blazor_Client", "DiscordAnalog_Blazor_Client\DiscordAnalog.Blazor_Client.csproj", "{236DE279-3A84-4545-81E2-3B3C0E8AC020}"
EndProject
Project("{FAE04EC0-301F-11D3-BF4B-00C04F79EFBC}") = "DiscordAnalogModelsClassLibrary", "DiscordAnalogModelsClassLibrary\DiscordAnalogModelsClassLibrary.csproj", "{5A034177-0CBE-4FCF-B86E-A3F992627745}"
EndProject
Global
	GlobalSection(SolutionConfigurationPlatforms) = preSolution
		Debug|Any CPU = Debug|Any CPU
		Release|Any CPU = Release|Any CPU
	EndGlobalSection
	GlobalSection(ProjectConfigurationPlatforms) = postSolution
		{BA9EB097-C63A-410F-B157-85DA0B50D3D2}.Debug|Any CPU.ActiveCfg = Debug|Any CPU
		{BA9EB097-C63A-410F-B157-85DA0B50D3D2}.Debug|Any CPU.Build.0 = Debug|Any CPU
		{BA9EB097-C63A-410F-B157-85DA0B50D3D2}.Release|Any CPU.ActiveCfg = Release|Any CPU
		{BA9EB097-C63A-410F-B157-85DA0B50D3D2}.Release|Any CPU.Build.0 = Release|Any CPU
		{236DE279-3A84-4545-81E2-3B3C0E8AC020}.Debug|Any CPU.ActiveCfg = Debug|Any CPU
		{236DE279-3A84-4545-81E2-3B3C0E8AC020}.Debug|Any CPU.Build.0 = Debug|Any CPU
		{236DE279-3A84-4545-81E2-3B3C0E8AC020}.Release|Any CPU.ActiveCfg = Release|Any CPU
		{236DE279-3A84-4545-81E2-3B3C0E8AC020}.Release|Any CPU.Build.0 = Release|Any CPU
		{5A034177-0CBE-4FCF-B86E-A3F992627745}.Debug|Any CPU.ActiveCfg = Debug|Any CPU
		{5A034177-0CBE-4FCF-B86E-A3F992627745}.Debug|Any CPU.Build.0 = Debug|Any CPU
		{5A034177-0CBE-4FCF-B86E-A3F992627745}.Release|Any CPU.ActiveCfg = Release|Any CPU
		{5A034177-0CBE-4FCF-B86E-A3F992627745}.Release|Any CPU.Build.0 = Release|Any CPU
	EndGlobalSection
	GlobalSection(SolutionProperties) = preSolution
		HideSolutionNode = FALSE
	EndGlobalSection
	GlobalSection(ExtensibilityGlobals) = postSolution
		SolutionGuid = {80AAE0C0-EB95-4338-B20B-337CF76190AD}
	EndGlobalSection
EndGlobal
