
Microsoft Visual Studio Solution File, Format Version 12.00
# Visual Studio Version 17
VisualStudioVersion = 17.14.36221.1 d17.14
MinimumVisualStudioVersion = 10.0.40219.1
Project("{FAE04EC0-301F-11D3-BF4B-00C04F79EFBC}") = "DiscordAnalog.Server", "DiscordAnalog.Server\DiscordAnalog.Server.csproj", "{BA9EB097-C63A-410F-B157-85DA0B50D3D2}"
EndProject
Project("{FAE04EC0-301F-11D3-BF4B-00C04F79EFBC}") = "DiscordAnalog.Client", "DiscordAnalog.Client\DiscordAnalog.Client.csproj", "{51D43C6E-CD91-4487-8B01-8F901D636EFF}"
EndProject
Global
	GlobalSection(SolutionConfigurationPlatforms) = preSolution
		Debug|Any CPU = Debug|Any CPU
		Release|Any CPU = Release|Any CPU
	EndGlobalSection
	GlobalSection(ProjectConfigurationPlatforms) = postSolution
		{BA9EB097-C63A-410F-B157-85DA0B50D3D2}.Debug|Any CPU.ActiveCfg = Debug|Any CPU
		{BA9EB097-C63A-410F-B157-85DA0B50D3D2}.Debug|Any CPU.Build.0 = Debug|Any CPU
		{BA9EB097-C63A-410F-B157-85DA0B50D3D2}.Release|Any CPU.ActiveCfg = Release|Any CPU
		{BA9EB097-C63A-410F-B157-85DA0B50D3D2}.Release|Any CPU.Build.0 = Release|Any CPU
		{51D43C6E-CD91-4487-8B01-8F901D636EFF}.Debug|Any CPU.ActiveCfg = Debug|Any CPU
		{51D43C6E-CD91-4487-8B01-8F901D636EFF}.Debug|Any CPU.Build.0 = Debug|Any CPU
		{51D43C6E-CD91-4487-8B01-8F901D636EFF}.Release|Any CPU.ActiveCfg = Release|Any CPU
		{51D43C6E-CD91-4487-8B01-8F901D636EFF}.Release|Any CPU.Build.0 = Release|Any CPU
	EndGlobalSection
	GlobalSection(SolutionProperties) = preSolution
		HideSolutionNode = FALSE
	EndGlobalSection
	GlobalSection(ExtensibilityGlobals) = postSolution
		SolutionGuid = {80AAE0C0-EB95-4338-B20B-337CF76190AD}
	EndGlobalSection
EndGlobal
